
Microsoft Visual Studio Solution File, Format Version 11.00
# Visual Studio 2010
Project("{8BC9CEB8-8B4A-11D0-8D11-00A0C91BC942}") = "insanelinker", "insanelinker\insanelinker.vcxproj", "{91F7FE52-0445-49B3-ADE5-EDA518C54556}"
EndProject
Global
	GlobalSection(SolutionConfigurationPlatforms) = preSolution
		Debug|Win32 = Debug|Win32
		Release|Win32 = Release|Win32
	EndGlobalSection
	GlobalSection(ProjectConfigurationPlatforms) = postSolution
		{91F7FE52-0445-49B3-ADE5-EDA518C54556}.Debug|Win32.ActiveCfg = Debug|Win32
		{91F7FE52-0445-49B3-ADE5-EDA518C54556}.Debug|Win32.Build.0 = Debug|Win32
		{91F7FE52-0445-49B3-ADE5-EDA518C54556}.Release|Win32.ActiveCfg = Release|Win32
		{91F7FE52-0445-49B3-ADE5-EDA518C54556}.Release|Win32.Build.0 = Release|Win32
	EndGlobalSection
	GlobalSection(SolutionProperties) = preSolution
		HideSolutionNode = FALSE
	EndGlobalSection
EndGlobal
